
Microsoft Visual Studio Solution File, Format Version 11.00
# Visual Studio 2010
Project("{FAE04EC0-301F-11D3-BF4B-00C04F79EFBC}") = "Assembly-CSharp", "Assembly-CSharp.csproj", "{1EB6D57B-FFC9-BD0A-C62A-FF4B6B1B33B7}"
EndProject
Project("{FAE04EC0-301F-11D3-BF4B-00C04F79EFBC}") = "AstarPathfindingProject", "AstarPathfindingProject.csproj", "{D87BCB82-C380-B6DF-BE06-159577A32D31}"
EndProject
Project("{FAE04EC0-301F-11D3-BF4B-00C04F79EFBC}") = "AstarPathfindingProjectEditor", "AstarPathfindingProjectEditor.csproj", "{0A2469FC-8806-DFFC-5F2C-778288B44A08}"
EndProject
Project("{FAE04EC0-301F-11D3-BF4B-00C04F79EFBC}") = "PackageToolsEditor", "PackageToolsEditor.csproj", "{CE01D11E-756D-6011-9ADC-D80F10B2C479}"
EndProject
Global
	GlobalSection(SolutionConfigurationPlatforms) = preSolution
		Debug|Any CPU = Debug|Any CPU
		Release|Any CPU = Release|Any CPU
	EndGlobalSection
	GlobalSection(ProjectConfigurationPlatforms) = postSolution
		{1EB6D57B-FFC9-BD0A-C62A-FF4B6B1B33B7}.Debug|Any CPU.ActiveCfg = Debug|Any CPU
		{1EB6D57B-FFC9-BD0A-C62A-FF4B6B1B33B7}.Debug|Any CPU.Build.0 = Debug|Any CPU
		{1EB6D57B-FFC9-BD0A-C62A-FF4B6B1B33B7}.Release|Any CPU.ActiveCfg = Release|Any CPU
		{1EB6D57B-FFC9-BD0A-C62A-FF4B6B1B33B7}.Release|Any CPU.Build.0 = Release|Any CPU
		{D87BCB82-C380-B6DF-BE06-159577A32D31}.Debug|Any CPU.ActiveCfg = Debug|Any CPU
		{D87BCB82-C380-B6DF-BE06-159577A32D31}.Debug|Any CPU.Build.0 = Debug|Any CPU
		{D87BCB82-C380-B6DF-BE06-159577A32D31}.Release|Any CPU.ActiveCfg = Release|Any CPU
		{D87BCB82-C380-B6DF-BE06-159577A32D31}.Release|Any CPU.Build.0 = Release|Any CPU
		{0A2469FC-8806-DFFC-5F2C-778288B44A08}.Debug|Any CPU.ActiveCfg = Debug|Any CPU
		{0A2469FC-8806-DFFC-5F2C-778288B44A08}.Debug|Any CPU.Build.0 = Debug|Any CPU
		{0A2469FC-8806-DFFC-5F2C-778288B44A08}.Release|Any CPU.ActiveCfg = Release|Any CPU
		{0A2469FC-8806-DFFC-5F2C-778288B44A08}.Release|Any CPU.Build.0 = Release|Any CPU
		{CE01D11E-756D-6011-9ADC-D80F10B2C479}.Debug|Any CPU.ActiveCfg = Debug|Any CPU
		{CE01D11E-756D-6011-9ADC-D80F10B2C479}.Debug|Any CPU.Build.0 = Debug|Any CPU
		{CE01D11E-756D-6011-9ADC-D80F10B2C479}.Release|Any CPU.ActiveCfg = Release|Any CPU
		{CE01D11E-756D-6011-9ADC-D80F10B2C479}.Release|Any CPU.Build.0 = Release|Any CPU
	EndGlobalSection
	GlobalSection(SolutionProperties) = preSolution
		HideSolutionNode = FALSE
	EndGlobalSection
EndGlobal
